dependencies:
- name: postgresql
  repository: https://charts.bitnami.com/bitnami
  version: 10.12.2
- name: redis
  repository: https://charts.bitnami.com/bitnami
  version: 15.4.1
- name: minio
  repository: https://charts.bitnami.com/bitnami
  version: 10.1.12
digest: sha256:e2a8bd4817a5d585a4e994f8ea6de34e1cb128baca52a1fff32312ac2ade9988
generated: "2022-02-25T18:14:49.985391+01:00"
